
Microsoft Visual Studio Solution File, Format Version 12.00
# Visual Studio Version 17
VisualStudioVersion = 17.1.32210.238
MinimumVisualStudioVersion = 10.0.40219.1
Project("{F184B08F-C81C-45F6-A57F-5ABD9991F28F}") = "pt", "pt.vbproj", "{C25BDBD1-C374-42D2-91C6-11178858034F}"
EndProject
Global
	GlobalSection(SolutionConfigurationPlatforms) = preSolution
		Debug|Any CPU = Debug|Any CPU
		Release|Any CPU = Release|Any CPU
	EndGlobalSection
	GlobalSection(ProjectConfigurationPlatforms) = postSolution
		{C25BDBD1-C374-42D2-91C6-11178858034F}.Debug|Any CPU.ActiveCfg = Debug|Any CPU
		{C25BDBD1-C374-42D2-91C6-11178858034F}.Debug|Any CPU.Build.0 = Debug|Any CPU
		{C25BDBD1-C374-42D2-91C6-11178858034F}.Release|Any CPU.ActiveCfg = Release|Any CPU
		{C25BDBD1-C374-42D2-91C6-11178858034F}.Release|Any CPU.Build.0 = Release|Any CPU
	EndGlobalSection
	GlobalSection(SolutionProperties) = preSolution
		HideSolutionNode = FALSE
	EndGlobalSection
	GlobalSection(ExtensibilityGlobals) = postSolution
		SolutionGuid = {9326F7A9-9DA2-40C6-892D-196A5FF469E5}
	EndGlobalSection
EndGlobal
